{
  "name": "ChatApp",
  "lockfileVersion": 2,
  "requires": true,
  "packages": {
    "": {
      "dependencies": {
        "react-snap-pic": "^0.0.3"
      }
    },
    "node_modules/react-snap-pic": {
      "version": "0.0.3",
      "resolved": "https://registry.npmjs.org/react-snap-pic/-/react-snap-pic-0.0.3.tgz",
      "integrity": "sha512-5eeWT9G3kXUQQtyY3BsRNKckB0xDB/VsSdpLNCVDBCoGYo676PV5ihs+uw46vc8iVawahUTNX1eUjnKo5HFA6Q=="
    }
  },
  "dependencies": {
    "react-snap-pic": {
      "version": "0.0.3",
      "resolved": "https://registry.npmjs.org/react-snap-pic/-/react-snap-pic-0.0.3.tgz",
      "integrity": "sha512-5eeWT9G3kXUQQtyY3BsRNKckB0xDB/VsSdpLNCVDBCoGYo676PV5ihs+uw46vc8iVawahUTNX1eUjnKo5HFA6Q=="
    }
  }
}
